// !$*UTF8*$!
{
	archiveVersion = 1;
	classes = {
	};
	objectVersion = 46;
	objects = {

/* Begin PBXBuildFile section */
		AB13960B1A43055800C820F9 /* main.m in Sources */ = {isa = PBXBuildFile; fileRef = AB13960A1A43055800C820F9 /* main.m */; };
		AB13960E1A43055800C820F9 /* AppDelegate.m in Sources */ = {isa = PBXBuildFile; fileRef = AB13960D1A43055800C820F9 /* AppDelegate.m */; };
		AB1396111A43055800C820F9 /* ViewController.m in Sources */ = {isa = PBXBuildFile; fileRef = AB1396101A43055800C820F9 /* ViewController.m */; };
		AB1396141A43055800C820F9 /* Main.storyboard in Resources */ = {isa = PBXBuildFile; fileRef = AB1396121A43055800C820F9 /* Main.storyboard */; };
		AB1396161A43055900C820F9 /* Images.xcassets in Resources */ = {isa = PBXBuildFile; fileRef = AB1396151A43055800C820F9 /* Images.xcassets */; };
		AB1396191A43055900C820F9 /* LaunchScreen.xib in Resources */ = {isa = PBXBuildFile; fileRef = AB1396171A43055900C820F9 /* LaunchScreen.xib */; };
		AB1396251A43055900C820F9 /* AppTests.m in Sources */ = {isa = PBXBuildFile; fileRef = AB1396241A43055900C820F9 /* AppTests.m */; };
/* End PBXBuildFile section */

/* Begin PBXContainerItemProxy section */
		AB13961F1A43055900C820F9 /* PBXContainerItemProxy */ = {
			isa = PBXContainerItemProxy;
			containerPortal = AB1395FD1A43055800C820F9 /* Project object */;
			proxyType = 1;
			remoteGlobalIDString = AB1396041A43055800C820F9;
			remoteInfo = App;
		};
/* End PBXContainerItemProxy section */

/* Begin PBXFileReference section */
		AB1396051A43055800C820F9 /* App.app */ = {isa = PBXFileReference; explicitFileType = wrapper.application; includeInIndex = 0; path = App.app; sourceTree = BUILT_PRODUCTS_DIR; };
		AB1396091A43055800C820F9 /* Info.plist */ = {isa = PBXFileReference; lastKnownFileType = text.plist.xml; path = Info.plist; sourceTree = "<group>"; };
		AB13960A1A43055800C820F9 /* main.m */ = {isa = PBXFileReference; lastKnownFileType = sourcecode.c.objc; path = main.m; sourceTree = "<group>"; };
		AB13960C1A43055800C820F9 /* AppDelegate.h */ = {isa = PBXFileReference; lastKnownFileType = sourcecode.c.h; path = AppDelegate.h; sourceTree = "<group>"; };
		AB13960D1A43055800C820F9 /* AppDelegate.m */ = {isa = PBXFileReference; lastKnownFileType = sourcecode.c.objc; path = AppDelegate.m; sourceTree = "<group>"; };
		AB13960F1A43055800C820F9 /* ViewController.h */ = {isa = PBXFileReference; lastKnownFileType = sourcecode.c.h; path = ViewController.h; sourceTree = "<group>"; };
		AB1396101A43055800C820F9 /* ViewController.m */ = {isa = PBXFileReference; lastKnownFileType = sourcecode.c.objc; path = ViewController.m; sourceTree = "<group>"; };
		AB1396131A43055800C820F9 /* Base */ = {isa = PBXFileReference; lastKnownFileType = file.storyboard; name = Base; path = Base.lproj/Main.storyboard; sourceTree = "<group>"; };
		AB1396151A43055800C820F9 /* Images.xcassets */ = {isa = PBXFileReference; lastKnownFileType = folder.assetcatalog; path = Images.xcassets; sourceTree = "<group>"; };
		AB1396181A43055900C820F9 /* Base */ = {isa = PBXFileReference; lastKnownFileType = file.xib; name = Base; path = Base.lproj/LaunchScreen.xib; sourceTree = "<group>"; };
		AB13961E1A43055900C820F9 /* AppTests.xctest */ = {isa = PBXFileReference; explicitFileType = wrapper.cfbundle; includeInIndex = 0; path = AppTests.xctest; sourceTree = BUILT_PRODUCTS_DIR; };
		AB1396231A43055900C820F9 /* Info.plist */ = {isa = PBXFileReference; lastKnownFileType = text.plist.xml; path = Info.plist; sourceTree = "<group>"; };
		AB1396241A43055900C820F9 /* AppTests.m */ = {isa = PBXFileReference; lastKnownFileType = sourcecode.c.objc; path = AppTests.m; sourceTree = "<group>"; };
/* End PBXFileReference section */

/* Begin PBXFrameworksBuildPhase section */
		AB1396021A43055800C820F9 /* Frameworks */ = {
			isa = PBXFrameworksBuildPhase;
			buildActionMask = 2147483647;
			files = (
			);
			runOnlyForDeploymentPostprocessing = 0;
		};
		AB13961B1A43055900C820F9 /* Frameworks */ = {
			isa = PBXFrameworksBuildPhase;
			buildActionMask = 2147483647;
			files = (
			);
			runOnlyForDeploymentPostprocessing = 0;
		};
/* End PBXFrameworksBuildPhase section */

/* Begin PBXGroup section */
		AB1395FC1A43055800C820F9 = {
			isa = PBXGroup;
			children = (
				AB1396071A43055800C820F9 /* App */,
				AB1396211A43055900C820F9 /* AppTests */,
				AB1396061A43055800C820F9 /* Products */,
			);
			sourceTree = "<group>";
		};
		AB1396061A43055800C820F9 /* Products */ = {
			isa = PBXGroup;
			children = (
				AB1396051A43055800C820F9 /* App.app */,
				AB13961E1A43055900C820F9 /* AppTests.xctest */,
			);
			name = Products;
			sourceTree = "<group>";
		};
		AB1396071A43055800C820F9 /* App */ = {
			isa = PBXGroup;
			children = (
				AB13960C1A43055800C820F9 /* AppDelegate.h */,
				AB13960D1A43055800C820F9 /* AppDelegate.m */,
				AB13960F1A43055800C820F9 /* ViewController.h */,
				AB1396101A43055800C820F9 /* ViewController.m */,
				AB1396121A43055800C820F9 /* Main.storyboard */,
				AB1396151A43055800C820F9 /* Images.xcassets */,
				AB1396171A43055900C820F9 /* LaunchScreen.xib */,
				AB1396081A43055800C820F9 /* Supporting Files */,
			);
			path = App;
			sourceTree = "<group>";
		};
		AB1396081A43055800C820F9 /* Supporting Files */ = {
			isa = PBXGroup;
			children = (
				AB1396091A43055800C820F9 /* Info.plist */,
				AB13960A1A43055800C820F9 /* main.m */,
			);
			name = "Supporting Files";
			sourceTree = "<group>";
		};
		AB1396211A43055900C820F9 /* AppTests */ = {
			isa = PBXGroup;
			children = (
				AB1396241A43055900C820F9 /* AppTests.m */,
				AB1396221A43055900C820F9 /* Supporting Files */,
			);
			path = AppTests;
			sourceTree = "<group>";
		};
		AB1396221A43055900C820F9 /* Supporting Files */ = {
			isa = PBXGroup;
			children = (
				AB1396231A43055900C820F9 /* Info.plist */,
			);
			name = "Supporting Files";
			sourceTree = "<group>";
		};
/* End PBXGroup section */

/* Begin PBXNativeTarget section */
		AB1396041A43055800C820F9 /* App */ = {
			isa = PBXNativeTarget;
			buildConfigurationList = AB1396281A43055900C820F9 /* Build configuration list for PBXNativeTarget "App" */;
			buildPhases = (
				AB1396011A43055800C820F9 /* Sources */,
				AB1396021A43055800C820F9 /* Frameworks */,
				AB1396031A43055800C820F9 /* Resources */,
			);
			buildRules = (
			);
			dependencies = (
			);
			name = App;
			productName = App;
			productReference = AB1396051A43055800C820F9 /* App.app */;
			productType = "com.apple.product-type.application";
		};
		AB13961D1A43055900C820F9 /* AppTests */ = {
			isa = PBXNativeTarget;
			buildConfigurationList = AB13962B1A43055900C820F9 /* Build configuration list for PBXNativeTarget "AppTests" */;
			buildPhases = (
				AB13961A1A43055900C820F9 /* Sources */,
				AB13961B1A43055900C820F9 /* Frameworks */,
				AB13961C1A43055900C820F9 /* Resources */,
			);
			buildRules = (
			);
			dependencies = (
				AB1396201A43055900C820F9 /* PBXTargetDependency */,
			);
			name = AppTests;
			productName = AppTests;
			productReference = AB13961E1A43055900C820F9 /* AppTests.xctest */;
			productType = "com.apple.product-type.bundle.unit-test";
		};
/* End PBXNativeTarget section */

/* Begin PBXProject section */
		AB1395FD1A43055800C820F9 /* Project object */ = {
			isa = PBXProject;
			attributes = {
				LastUpgradeCheck = 0610;
				ORGANIZATIONNAME = lxcid;
				TargetAttributes = {
					AB1396041A43055800C820F9 = {
						CreatedOnToolsVersion = 6.1.1;
					};
					AB13961D1A43055900C820F9 = {
						CreatedOnToolsVersion = 6.1.1;
						TestTargetID = AB1396041A43055800C820F9;
					};
				};
			};
			buildConfigurationList = AB1396001A43055800C820F9 /* Build configuration list for PBXProject "App" */;
			compatibilityVersion = "Xcode 3.2";
			developmentRegion = English;
			hasScannedForEncodings = 0;
			knownRegions = (
				en,
				Base,
			);
			mainGroup = AB1395FC1A43055800C820F9;
			productRefGroup = AB1396061A43055800C820F9 /* Products */;
			projectDirPath = "";
			projectRoot = "";
			targets = (
				AB1396041A43055800C820F9 /* App */,
				AB13961D1A43055900C820F9 /* AppTests */,
			);
		};
/* End PBXProject section */

/* Begin PBXResourcesBuildPhase section */
		AB1396031A43055800C820F9 /* Resources */ = {
			isa = PBXResourcesBuildPhase;
			buildActionMask = 2147483647;
			files = (
				AB1396141A43055800C820F9 /* Main.storyboard in Resources */,
				AB1396191A43055900C820F9 /* LaunchScreen.xib in Resources */,
				AB1396161A43055900C820F9 /* Images.xcassets in Resources */,
			);
			runOnlyForDeploymentPostprocessing = 0;
		};
		AB13961C1A43055900C820F9 /* Resources */ = {
			isa = PBXResourcesBuildPhase;
			buildActionMask = 2147483647;
			files = (
			);
			runOnlyForDeploymentPostprocessing = 0;
		};
/* End PBXResourcesBuildPhase section */

/* Begin PBXSourcesBuildPhase section */
		AB1396011A43055800C820F9 /* Sources */ = {
			isa = PBXSourcesBuildPhase;
			buildActionMask = 2147483647;
			files = (
				AB1396111A43055800C820F9 /* ViewController.m in Sources */,
				AB13960E1A43055800C820F9 /* AppDelegate.m in Sources */,
				AB13960B1A43055800C820F9 /* main.m in Sources */,
			);
			runOnlyForDeploymentPostprocessing = 0;
		};
		AB13961A1A43055900C820F9 /* Sources */ = {
			isa = PBXSourcesBuildPhase;
			buildActionMask = 2147483647;
			files = (
				AB1396251A43055900C820F9 /* AppTests.m in Sources */,
			);
			runOnlyForDeploymentPostprocessing = 0;
		};
/* End PBXSourcesBuildPhase section */

/* Begin PBXTargetDependency section */
		AB1396201A43055900C820F9 /* PBXTargetDependency */ = {
			isa = PBXTargetDependency;
			target = AB1396041A43055800C820F9 /* App */;
			targetProxy = AB13961F1A43055900C820F9 /* PBXContainerItemProxy */;
		};
/* End PBXTargetDependency section */

/* Begin PBXVariantGroup section */
		AB1396121A43055800C820F9 /* Main.storyboard */ = {
			isa = PBXVariantGroup;
			children = (
				AB1396131A43055800C820F9 /* Base */,
			);
			name = Main.storyboard;
			sourceTree = "<group>";
		};
		AB1396171A43055900C820F9 /* LaunchScreen.xib */ = {
			isa = PBXVariantGroup;
			children = (
				AB1396181A43055900C820F9 /* Base */,
			);
			name = LaunchScreen.xib;
			sourceTree = "<group>";
		};
/* End PBXVariantGroup section */

/* Begin XCBuildConfiguration section */
		AB1396261A43055900C820F9 /* Debug */ = {
			isa = XCBuildConfiguration;
			buildSettings = {
				ALWAYS_SEARCH_USER_PATHS = NO;
				CLANG_CXX_LANGUAGE_STANDARD = "gnu++0x";
				CLANG_CXX_LIBRARY = "libc++";
				CLANG_ENABLE_MODULES = YES;
				CLANG_ENABLE_OBJC_ARC = YES;
				CLANG_WARN_BOOL_CONVERSION = YES;
				CLANG_WARN_CONSTANT_CONVERSION = YES;
				CLANG_WARN_DIRECT_OBJC_ISA_USAGE = YES_ERROR;
				CLANG_WARN_EMPTY_BODY = YES;
				CLANG_WARN_ENUM_CONVERSION = YES;
				CLANG_WARN_INT_CONVERSION = YES;
				CLANG_WARN_OBJC_ROOT_CLASS = YES_ERROR;
				CLANG_WARN_UNREACHABLE_CODE = YES;
				CLANG_WARN__DUPLICATE_METHOD_MATCH = YES;
				"CODE_SIGN_IDENTITY[sdk=iphoneos*]" = "iPhone Developer";
				COPY_PHASE_STRIP = NO;
				ENABLE_STRICT_OBJC_MSGSEND = YES;
				GCC_C_LANGUAGE_STANDARD = gnu99;
				GCC_DYNAMIC_NO_PIC = NO;
				GCC_OPTIMIZATION_LEVEL = 0;
				GCC_PREPROCESSOR_DEFINITIONS = (
					"DEBUG=1",
					"$(inherited)",
				);
				GCC_SYMBOLS_PRIVATE_EXTERN = NO;
				GCC_WARN_64_TO_32_BIT_CONVERSION = YES;
				GCC_WARN_ABOUT_RETURN_TYPE = YES_ERROR;
				GCC_WARN_UNDECLARED_SELECTOR = YES;
				GCC_WARN_UNINITIALIZED_AUTOS = YES_AGGRESSIVE;
				GCC_WARN_UNUSED_FUNCTION = YES;
				GCC_WARN_UNUSED_VARIABLE = YES;
				IPHONEOS_DEPLOYMENT_TARGET = 8.1;
				MTL_ENABLE_DEBUG_INFO = YES;
				ONLY_ACTIVE_ARCH = YES;
				SDKROOT = iphoneos;
				TARGETED_DEVICE_FAMILY = "1,2";
			};
			name = Debug;
		};
		AB1396271A43055900C820F9 /* Release */ = {
			isa = XCBuildConfiguration;
			buildSettings = {
				ALWAYS_SEARCH_USER_PATHS = NO;
				CLANG_CXX_LANGUAGE_STANDARD = "gnu++0x";
				CLANG_CXX_LIBRARY = "libc++";
				CLANG_ENABLE_MODULES = YES;
				CLANG_ENABLE_OBJC_ARC = YES;
				CLANG_WARN_BOOL_CONVERSION = YES;
				CLANG_WARN_CONSTANT_CONVERSION = YES;
				CLANG_WARN_DIRECT_OBJC_ISA_USAGE = YES_ERROR;
				CLANG_WARN_EMPTY_BODY = YES;
				CLANG_WARN_ENUM_CONVERSION = YES;
				CLANG_WARN_INT_CONVERSION = YES;
				CLANG_WARN_OBJC_ROOT_CLASS = YES_ERROR;
				CLANG_WARN_UNREACHABLE_CODE = YES;
				CLANG_WARN__DUPLICATE_METHOD_MATCH = YES;
				"CODE_SIGN_IDENTITY[sdk=iphoneos*]" = "iPhone Developer";
				COPY_PHASE_STRIP = YES;
				ENABLE_NS_ASSERTIONS = NO;
				ENABLE_STRICT_OBJC_MSGSEND = YES;
				GCC_C_LANGUAGE_STANDARD = gnu99;
				GCC_WARN_64_TO_32_BIT_CONVERSION = YES;
				GCC_WARN_ABOUT_RETURN_TYPE = YES_ERROR;
				GCC_WARN_UNDECLARED_SELECTOR = YES;
				GCC_WARN_UNINITIALIZED_AUTOS = YES_AGGRESSIVE;
				GCC_WARN_UNUSED_FUNCTION = YES;
				GCC_WARN_UNUSED_VARIABLE = YES;
				IPHONEOS_DEPLOYMENT_TARGET = 8.1;
				MTL_ENABLE_DEBUG_INFO = NO;
				SDKROOT = iphoneos;
				TARGETED_DEVICE_FAMILY = "1,2";
				VALIDATE_PRODUCT = YES;
			};
			name = Release;
		};
		AB1396291A43055900C820F9 /* Debug */ = {
			isa = XCBuildConfiguration;
			buildSettings = {
				ASSETCATALOG_COMPILER_APPICON_NAME = AppIcon;
				INFOPLIST_FILE = App/Info.plist;
				LD_RUNPATH_SEARCH_PATHS = "$(inherited) @executable_path/Frameworks";
				PRODUCT_NAME = "$(TARGET_NAME)";
			};
			name = Debug;
		};
		AB13962A1A43055900C820F9 /* Release */ = {
			isa = XCBuildConfiguration;
			buildSettings = {
				ASSETCATALOG_COMPILER_APPICON_NAME = AppIcon;
				INFOPLIST_FILE = App/Info.plist;
				LD_RUNPATH_SEARCH_PATHS = "$(inherited) @executable_path/Frameworks";
				PRODUCT_NAME = "$(TARGET_NAME)";
			};
			name = Release;
		};
		AB13962C1A43055900C820F9 /* Debug */ = {
			isa = XCBuildConfiguration;
			buildSettings = {
				BUNDLE_LOADER = "$(TEST_HOST)";
				FRAMEWORK_SEARCH_PATHS = (
					"$(SDKROOT)/Developer/Library/Frameworks",
					"$(inherited)",
				);
				GCC_PREPROCESSOR_DEFINITIONS = (
					"DEBUG=1",
					"$(inherited)",
				);
				INFOPLIST_FILE = AppTests/Info.plist;
				LD_RUNPATH_SEARCH_PATHS = "$(inherited) @executable_path/Frameworks @loader_path/Frameworks";
				PRODUCT_NAME = "$(TARGET_NAME)";
				TEST_HOST = "$(BUILT_PRODUCTS_DIR)/App.app/App";
			};
			name = Debug;
		};
		AB13962D1A43055900C820F9 /* Release */ = {
			isa = XCBuildConfiguration;
			buildSettings = {
				BUNDLE_LOADER = "$(TEST_HOST)";
				FRAMEWORK_SEARCH_PATHS = (
					"$(SDKROOT)/Developer/Library/Frameworks",
					"$(inherited)",
				);
				INFOPLIST_FILE = AppTests/Info.plist;
				LD_RUNPATH_SEARCH_PATHS = "$(inherited) @executable_path/Frameworks @loader_path/Frameworks";
				PRODUCT_NAME = "$(TARGET_NAME)";
				TEST_HOST = "$(BUILT_PRODUCTS_DIR)/App.app/App";
			};
			name = Release;
		};
/* End XCBuildConfiguration section */

/* Begin XCConfigurationList section */
		AB1396001A43055800C820F9 /* Build configuration list for PBXProject "App" */ = {
			isa = XCConfigurationList;
			buildConfigurations = (
				AB1396261A43055900C820F9 /* Debug */,
				AB1396271A43055900C820F9 /* Release */,
			);
			defaultConfigurationIsVisible = 0;
			defaultConfigurationName = Release;
		};
		AB1396281A43055900C820F9 /* Build configuration list for PBXNativeTarget "App" */ = {
			isa = XCConfigurationList;
			buildConfigurations = (
				AB1396291A43055900C820F9 /* Debug */,
				AB13962A1A43055900C820F9 /* Release */,
			);
			defaultConfigurationIsVisible = 0;
		};
		AB13962B1A43055900C820F9 /* Build configuration list for PBXNativeTarget "AppTests" */ = {
			isa = XCConfigurationList;
			buildConfigurations = (
				AB13962C1A43055900C820F9 /* Debug */,
				AB13962D1A43055900C820F9 /* Release */,
			);
			defaultConfigurationIsVisible = 0;
		};
/* End XCConfigurationList section */
	};
	rootObject = AB1395FD1A43055800C820F9 /* Project object */;
}
